// !$*UTF8*$!
{
	archiveVersion = 1;
	classes = {
	};
	objectVersion = 46;
	objects = {

/* Begin PBXBuildFile section */
		A569F3C416529F9F00989AD5 /* AVFoundation.framework in Frameworks */ = {isa = PBXBuildFile; fileRef = A569F3C316529F9F00989AD5 /* AVFoundation.framework */; };
		A588940916523F0000DD10D2 /* UIKit.framework in Frameworks */ = {isa = PBXBuildFile; fileRef = A588940816523F0000DD10D2 /* UIKit.framework */; };
		A588940B16523F0100DD10D2 /* Foundation.framework in Frameworks */ = {isa = PBXBuildFile; fileRef = A588940A16523F0000DD10D2 /* Foundation.framework */; };
		A588940D16523F0100DD10D2 /* CoreGraphics.framework in Frameworks */ = {isa = PBXBuildFile; fileRef = A588940C16523F0100DD10D2 /* CoreGraphics.framework */; };
		A588940F16523F0100DD10D2 /* CoreData.framework in Frameworks */ = {isa = PBXBuildFile; fileRef = A588940E16523F0100DD10D2 /* CoreData.framework */; };
		A588941516523F0100DD10D2 /* InfoPlist.strings in Resources */ = {isa = PBXBuildFile; fileRef = A588941316523F0100DD10D2 /* InfoPlist.strings */; };
		A588941716523F0100DD10D2 /* main.m in Sources */ = {isa = PBXBuildFile; fileRef = A588941616523F0100DD10D2 /* main.m */; };
		A588941B16523F0100DD10D2 /* AppDelegate.m in Sources */ = {isa = PBXBuildFile; fileRef = A588941A16523F0100DD10D2 /* AppDelegate.m */; };
		A588941D16523F0100DD10D2 /* Default.png in Resources */ = {isa = PBXBuildFile; fileRef = A588941C16523F0100DD10D2 /* Default.png */; };
		A588941F16523F0100DD10D2 /* Default@2x.png in Resources */ = {isa = PBXBuildFile; fileRef = A588941E16523F0100DD10D2 /* Default@2x.png */; };
		A588942116523F0100DD10D2 /* Default-568h@2x.png in Resources */ = {isa = PBXBuildFile; fileRef = A588942016523F0100DD10D2 /* Default-568h@2x.png */; };
		A588942416523F0100DD10D2 /* RecordWord.xcdatamodeld in Sources */ = {isa = PBXBuildFile; fileRef = A588942216523F0100DD10D2 /* RecordWord.xcdatamodeld */; };
		A588942C16523F6F00DD10D2 /* MasterViewController.m in Sources */ = {isa = PBXBuildFile; fileRef = A588942B16523F6F00DD10D2 /* MasterViewController.m */; };
		A588943416524D9400DD10D2 /* SyncManager.m in Sources */ = {isa = PBXBuildFile; fileRef = A588943316524D9400DD10D2 /* SyncManager.m */; };
		A58894371652561500DD10D2 /* Word.m in Sources */ = {isa = PBXBuildFile; fileRef = A58894361652561500DD10D2 /* Word.m */; };
		A588943916525F7E00DD10D2 /* words.plist in Resources */ = {isa = PBXBuildFile; fileRef = A588943816525F7E00DD10D2 /* words.plist */; };
		A588943F165267BA00DD10D2 /* UIViewController+ALModal.m in Sources */ = {isa = PBXBuildFile; fileRef = A588943E165267BA00DD10D2 /* UIViewController+ALModal.m */; };
		A5889442165267D900DD10D2 /* AddRecordingViewController.m in Sources */ = {isa = PBXBuildFile; fileRef = A5889441165267D900DD10D2 /* AddRecordingViewController.m */; };
		A5C0981C166DFDE40025B14D /* DataProcessor.c in Sources */ = {isa = PBXBuildFile; fileRef = A5C0981A166DFDE40025B14D /* DataProcessor.c */; };
/* End PBXBuildFile section */

/* Begin PBXFileReference section */
		A569F3C316529F9F00989AD5 /* AVFoundation.framework */ = {isa = PBXFileReference; lastKnownFileType = wrapper.framework; name = AVFoundation.framework; path = System/Library/Frameworks/AVFoundation.framework; sourceTree = SDKROOT; };
		A588940416523F0000DD10D2 /* RecordWord.app */ = {isa = PBXFileReference; explicitFileType = wrapper.application; includeInIndex = 0; path = RecordWord.app; sourceTree = BUILT_PRODUCTS_DIR; };
		A588940816523F0000DD10D2 /* UIKit.framework */ = {isa = PBXFileReference; lastKnownFileType = wrapper.framework; name = UIKit.framework; path = System/Library/Frameworks/UIKit.framework; sourceTree = SDKROOT; };
		A588940A16523F0000DD10D2 /* Foundation.framework */ = {isa = PBXFileReference; lastKnownFileType = wrapper.framework; name = Foundation.framework; path = System/Library/Frameworks/Foundation.framework; sourceTree = SDKROOT; };
		A588940C16523F0100DD10D2 /* CoreGraphics.framework */ = {isa = PBXFileReference; lastKnownFileType = wrapper.framework; name = CoreGraphics.framework; path = System/Library/Frameworks/CoreGraphics.framework; sourceTree = SDKROOT; };
		A588940E16523F0100DD10D2 /* CoreData.framework */ = {isa = PBXFileReference; lastKnownFileType = wrapper.framework; name = CoreData.framework; path = System/Library/Frameworks/CoreData.framework; sourceTree = SDKROOT; };
		A588941216523F0100DD10D2 /* RecordWord-Info.plist */ = {isa = PBXFileReference; lastKnownFileType = text.plist.xml; path = "RecordWord-Info.plist"; sourceTree = "<group>"; };
		A588941416523F0100DD10D2 /* en */ = {isa = PBXFileReference; lastKnownFileType = text.plist.strings; name = en; path = en.lproj/InfoPlist.strings; sourceTree = "<group>"; };
		A588941616523F0100DD10D2 /* main.m */ = {isa = PBXFileReference; lastKnownFileType = sourcecode.c.objc; path = main.m; sourceTree = "<group>"; };
		A588941816523F0100DD10D2 /* RecordWord-Prefix.pch */ = {isa = PBXFileReference; lastKnownFileType = sourcecode.c.h; path = "RecordWord-Prefix.pch"; sourceTree = "<group>"; };
		A588941916523F0100DD10D2 /* AppDelegate.h */ = {isa = PBXFileReference; lastKnownFileType = sourcecode.c.h; path = AppDelegate.h; sourceTree = "<group>"; };
		A588941A16523F0100DD10D2 /* AppDelegate.m */ = {isa = PBXFileReference; lastKnownFileType = sourcecode.c.objc; path = AppDelegate.m; sourceTree = "<group>"; };
		A588941C16523F0100DD10D2 /* Default.png */ = {isa = PBXFileReference; lastKnownFileType = image.png; path = Default.png; sourceTree = "<group>"; };
		A588941E16523F0100DD10D2 /* Default@2x.png */ = {isa = PBXFileReference; lastKnownFileType = image.png; path = "Default@2x.png"; sourceTree = "<group>"; };
		A588942016523F0100DD10D2 /* Default-568h@2x.png */ = {isa = PBXFileReference; lastKnownFileType = image.png; path = "Default-568h@2x.png"; sourceTree = "<group>"; };
		A588942316523F0100DD10D2 /* RecordWord.xcdatamodel */ = {isa = PBXFileReference; lastKnownFileType = wrapper.xcdatamodel; path = RecordWord.xcdatamodel; sourceTree = "<group>"; };
		A588942A16523F6F00DD10D2 /* MasterViewController.h */ = {isa = PBXFileReference; fileEncoding = 4; lastKnownFileType = sourcecode.c.h; path = MasterViewController.h; sourceTree = "<group>"; };
		A588942B16523F6F00DD10D2 /* MasterViewController.m */ = {isa = PBXFileReference; fileEncoding = 4; lastKnownFileType = sourcecode.c.objc; path = MasterViewController.m; sourceTree = "<group>"; };
		A588943216524D9400DD10D2 /* SyncManager.h */ = {isa = PBXFileReference; fileEncoding = 4; lastKnownFileType = sourcecode.c.h; path = SyncManager.h; sourceTree = "<group>"; };
		A588943316524D9400DD10D2 /* SyncManager.m */ = {isa = PBXFileReference; fileEncoding = 4; lastKnownFileType = sourcecode.c.objc; path = SyncManager.m; sourceTree = "<group>"; };
		A58894351652561500DD10D2 /* Word.h */ = {isa = PBXFileReference; fileEncoding = 4; lastKnownFileType = sourcecode.c.h; path = Word.h; sourceTree = "<group>"; };
		A58894361652561500DD10D2 /* Word.m */ = {isa = PBXFileReference; fileEncoding = 4; lastKnownFileType = sourcecode.c.objc; path = Word.m; sourceTree = "<group>"; };
		A588943816525F7E00DD10D2 /* words.plist */ = {isa = PBXFileReference; fileEncoding = 4; lastKnownFileType = text.plist.xml; name = words.plist; path = ../../WordRecording/WordRecording/words.plist; sourceTree = "<group>"; };
		A588943D165267BA00DD10D2 /* UIViewController+ALModal.h */ = {isa = PBXFileReference; fileEncoding = 4; lastKnownFileType = sourcecode.c.h; path = "UIViewController+ALModal.h"; sourceTree = "<group>"; };
		A588943E165267BA00DD10D2 /* UIViewController+ALModal.m */ = {isa = PBXFileReference; fileEncoding = 4; lastKnownFileType = sourcecode.c.objc; path = "UIViewController+ALModal.m"; sourceTree = "<group>"; };
		A5889440165267D900DD10D2 /* AddRecordingViewController.h */ = {isa = PBXFileReference; fileEncoding = 4; lastKnownFileType = sourcecode.c.h; path = AddRecordingViewController.h; sourceTree = "<group>"; };
		A5889441165267D900DD10D2 /* AddRecordingViewController.m */ = {isa = PBXFileReference; fileEncoding = 4; lastKnownFileType = sourcecode.c.objc; path = AddRecordingViewController.m; sourceTree = "<group>"; };
		A588944716526B0C00DD10D2 /* ALTypes.h */ = {isa = PBXFileReference; fileEncoding = 4; lastKnownFileType = sourcecode.c.h; path = ALTypes.h; sourceTree = "<group>"; };
		A5C0981A166DFDE40025B14D /* DataProcessor.c */ = {isa = PBXFileReference; fileEncoding = 4; lastKnownFileType = sourcecode.c.c; path = DataProcessor.c; sourceTree = "<group>"; };
		A5C0981B166DFDE40025B14D /* DataProcessor.h */ = {isa = PBXFileReference; fileEncoding = 4; lastKnownFileType = sourcecode.c.h; path = DataProcessor.h; sourceTree = "<group>"; };
/* End PBXFileReference section */

/* Begin PBXFrameworksBuildPhase section */
		A588940116523F0000DD10D2 /* Frameworks */ = {
			isa = PBXFrameworksBuildPhase;
			buildActionMask = 2147483647;
			files = (
				A569F3C416529F9F00989AD5 /* AVFoundation.framework in Frameworks */,
				A588940916523F0000DD10D2 /* UIKit.framework in Frameworks */,
				A588940B16523F0100DD10D2 /* Foundation.framework in Frameworks */,
				A588940D16523F0100DD10D2 /* CoreGraphics.framework in Frameworks */,
				A588940F16523F0100DD10D2 /* CoreData.framework in Frameworks */,
			);
			runOnlyForDeploymentPostprocessing = 0;
		};
/* End PBXFrameworksBuildPhase section */

/* Begin PBXGroup section */
		A58893F916523F0000DD10D2 = {
			isa = PBXGroup;
			children = (
				A588941016523F0100DD10D2 /* RecordWord */,
				A588940716523F0000DD10D2 /* Frameworks */,
				A588940516523F0000DD10D2 /* Products */,
			);
			sourceTree = "<group>";
		};
		A588940516523F0000DD10D2 /* Products */ = {
			isa = PBXGroup;
			children = (
				A588940416523F0000DD10D2 /* RecordWord.app */,
			);
			name = Products;
			sourceTree = "<group>";
		};
		A588940716523F0000DD10D2 /* Frameworks */ = {
			isa = PBXGroup;
			children = (
				A569F3C316529F9F00989AD5 /* AVFoundation.framework */,
				A588940816523F0000DD10D2 /* UIKit.framework */,
				A588940A16523F0000DD10D2 /* Foundation.framework */,
				A588940C16523F0100DD10D2 /* CoreGraphics.framework */,
				A588940E16523F0100DD10D2 /* CoreData.framework */,
			);
			name = Frameworks;
			sourceTree = "<group>";
		};
		A588941016523F0100DD10D2 /* RecordWord */ = {
			isa = PBXGroup;
			children = (
				A5C09819166DFD950025B14D /* DataProcessing */,
				A588944716526B0C00DD10D2 /* ALTypes.h */,
				A5889440165267D900DD10D2 /* AddRecordingViewController.h */,
				A5889441165267D900DD10D2 /* AddRecordingViewController.m */,
				A588943D165267BA00DD10D2 /* UIViewController+ALModal.h */,
				A588943E165267BA00DD10D2 /* UIViewController+ALModal.m */,
				A588943116524CF900DD10D2 /* Model */,
				A588941916523F0100DD10D2 /* AppDelegate.h */,
				A588941A16523F0100DD10D2 /* AppDelegate.m */,
				A588942216523F0100DD10D2 /* RecordWord.xcdatamodeld */,
				A588941116523F0100DD10D2 /* Supporting Files */,
				A588942A16523F6F00DD10D2 /* MasterViewController.h */,
				A588942B16523F6F00DD10D2 /* MasterViewController.m */,
			);
			path = RecordWord;
			sourceTree = "<group>";
		};
		A588941116523F0100DD10D2 /* Supporting Files */ = {
			isa = PBXGroup;
			children = (
				A588943816525F7E00DD10D2 /* words.plist */,
				A588941216523F0100DD10D2 /* RecordWord-Info.plist */,
				A588941316523F0100DD10D2 /* InfoPlist.strings */,
				A588941616523F0100DD10D2 /* main.m */,
				A588941816523F0100DD10D2 /* RecordWord-Prefix.pch */,
				A588941C16523F0100DD10D2 /* Default.png */,
				A588941E16523F0100DD10D2 /* Default@2x.png */,
				A588942016523F0100DD10D2 /* Default-568h@2x.png */,
			);
			name = "Supporting Files";
			sourceTree = "<group>";
		};
		A588943116524CF900DD10D2 /* Model */ = {
			isa = PBXGroup;
			children = (
				A58894351652561500DD10D2 /* Word.h */,
				A58894361652561500DD10D2 /* Word.m */,
				A588943216524D9400DD10D2 /* SyncManager.h */,
				A588943316524D9400DD10D2 /* SyncManager.m */,
			);
			name = Model;
			path = SyncManagers;
			sourceTree = "<group>";
		};
		A5C09819166DFD950025B14D /* DataProcessing */ = {
			isa = PBXGroup;
			children = (
				A5C0981A166DFDE40025B14D /* DataProcessor.c */,
				A5C0981B166DFDE40025B14D /* DataProcessor.h */,
			);
			path = DataProcessing;
			sourceTree = "<group>";
		};
/* End PBXGroup section */

/* Begin PBXNativeTarget section */
		A588940316523F0000DD10D2 /* RecordWord */ = {
			isa = PBXNativeTarget;
			buildConfigurationList = A588942716523F0100DD10D2 /* Build configuration list for PBXNativeTarget "RecordWord" */;
			buildPhases = (
				A588940016523F0000DD10D2 /* Sources */,
				A588940116523F0000DD10D2 /* Frameworks */,
				A588940216523F0000DD10D2 /* Resources */,
			);
			buildRules = (
			);
			dependencies = (
			);
			name = RecordWord;
			productName = RecordWord;
			productReference = A588940416523F0000DD10D2 /* RecordWord.app */;
			productType = "com.apple.product-type.application";
		};
/* End PBXNativeTarget section */

/* Begin PBXProject section */
		A58893FB16523F0000DD10D2 /* Project object */ = {
			isa = PBXProject;
			attributes = {
				LastUpgradeCheck = 0450;
				ORGANIZATIONNAME = "Apexlearn Inc.";
			};
			buildConfigurationList = A58893FE16523F0000DD10D2 /* Build configuration list for PBXProject "RecordWord" */;
			compatibilityVersion = "Xcode 3.2";
			developmentRegion = English;
			hasScannedForEncodings = 0;
			knownRegions = (
				en,
			);
			mainGroup = A58893F916523F0000DD10D2;
			productRefGroup = A588940516523F0000DD10D2 /* Products */;
			projectDirPath = "";
			projectRoot = "";
			targets = (
				A588940316523F0000DD10D2 /* RecordWord */,
			);
		};
/* End PBXProject section */

/* Begin PBXResourcesBuildPhase section */
		A588940216523F0000DD10D2 /* Resources */ = {
			isa = PBXResourcesBuildPhase;
			buildActionMask = 2147483647;
			files = (
				A588941516523F0100DD10D2 /* InfoPlist.strings in Resources */,
				A588941D16523F0100DD10D2 /* Default.png in Resources */,
				A588941F16523F0100DD10D2 /* Default@2x.png in Resources */,
				A588942116523F0100DD10D2 /* Default-568h@2x.png in Resources */,
				A588943916525F7E00DD10D2 /* words.plist in Resources */,
			);
			runOnlyForDeploymentPostprocessing = 0;
		};
/* End PBXResourcesBuildPhase section */

/* Begin PBXSourcesBuildPhase section */
		A588940016523F0000DD10D2 /* Sources */ = {
			isa = PBXSourcesBuildPhase;
			buildActionMask = 2147483647;
			files = (
				A588941716523F0100DD10D2 /* main.m in Sources */,
				A588941B16523F0100DD10D2 /* AppDelegate.m in Sources */,
				A588942416523F0100DD10D2 /* RecordWord.xcdatamodeld in Sources */,
				A588942C16523F6F00DD10D2 /* MasterViewController.m in Sources */,
				A588943416524D9400DD10D2 /* SyncManager.m in Sources */,
				A58894371652561500DD10D2 /* Word.m in Sources */,
				A588943F165267BA00DD10D2 /* UIViewController+ALModal.m in Sources */,
				A5889442165267D900DD10D2 /* AddRecordingViewController.m in Sources */,
				A5C0981C166DFDE40025B14D /* DataProcessor.c in Sources */,
			);
			runOnlyForDeploymentPostprocessing = 0;
		};
/* End PBXSourcesBuildPhase section */

/* Begin PBXVariantGroup section */
		A588941316523F0100DD10D2 /* InfoPlist.strings */ = {
			isa = PBXVariantGroup;
			children = (
				A588941416523F0100DD10D2 /* en */,
			);
			name = InfoPlist.strings;
			sourceTree = "<group>";
		};
/* End PBXVariantGroup section */

/* Begin XCBuildConfiguration section */
		A588942516523F0100DD10D2 /* Debug */ = {
			isa = XCBuildConfiguration;
			buildSettings = {
				ALWAYS_SEARCH_USER_PATHS = NO;
				CLANG_CXX_LANGUAGE_STANDARD = "gnu++0x";
				CLANG_CXX_LIBRARY = "libc++";
				CLANG_ENABLE_OBJC_ARC = YES;
				CLANG_WARN_EMPTY_BODY = YES;
				CLANG_WARN__DUPLICATE_METHOD_MATCH = YES;
				"CODE_SIGN_IDENTITY[sdk=iphoneos*]" = "iPhone Developer";
				COPY_PHASE_STRIP = NO;
				GCC_C_LANGUAGE_STANDARD = gnu99;
				GCC_DYNAMIC_NO_PIC = NO;
				GCC_OPTIMIZATION_LEVEL = 0;
				GCC_PREPROCESSOR_DEFINITIONS = (
					"DEBUG=1",
					"$(inherited)",
				);
				GCC_SYMBOLS_PRIVATE_EXTERN = NO;
				GCC_WARN_ABOUT_RETURN_TYPE = YES;
				GCC_WARN_UNINITIALIZED_AUTOS = YES;
				GCC_WARN_UNUSED_VARIABLE = YES;
				IPHONEOS_DEPLOYMENT_TARGET = 5.1;
				SDKROOT = iphoneos;
			};
			name = Debug;
		};
		A588942616523F0100DD10D2 /* Release */ = {
			isa = XCBuildConfiguration;
			buildSettings = {
				ALWAYS_SEARCH_USER_PATHS = NO;
				CLANG_CXX_LANGUAGE_STANDARD = "gnu++0x";
				CLANG_CXX_LIBRARY = "libc++";
				CLANG_ENABLE_OBJC_ARC = YES;
				CLANG_WARN_EMPTY_BODY = YES;
				CLANG_WARN__DUPLICATE_METHOD_MATCH = YES;
				"CODE_SIGN_IDENTITY[sdk=iphoneos*]" = "iPhone Developer";
				COPY_PHASE_STRIP = YES;
				GCC_C_LANGUAGE_STANDARD = gnu99;
				GCC_WARN_ABOUT_RETURN_TYPE = YES;
				GCC_WARN_UNINITIALIZED_AUTOS = YES;
				GCC_WARN_UNUSED_VARIABLE = YES;
				IPHONEOS_DEPLOYMENT_TARGET = 5.1;
				OTHER_CFLAGS = "-DNS_BLOCK_ASSERTIONS=1";
				SDKROOT = iphoneos;
				VALIDATE_PRODUCT = YES;
			};
			name = Release;
		};
		A588942816523F0100DD10D2 /* Debug */ = {
			isa = XCBuildConfiguration;
			buildSettings = {
				GCC_PRECOMPILE_PREFIX_HEADER = YES;
				GCC_PREFIX_HEADER = "RecordWord/RecordWord-Prefix.pch";
				INFOPLIST_FILE = "RecordWord/RecordWord-Info.plist";
				PRODUCT_NAME = "$(TARGET_NAME)";
				WRAPPER_EXTENSION = app;
			};
			name = Debug;
		};
		A588942916523F0100DD10D2 /* Release */ = {
			isa = XCBuildConfiguration;
			buildSettings = {
				GCC_PRECOMPILE_PREFIX_HEADER = YES;
				GCC_PREFIX_HEADER = "RecordWord/RecordWord-Prefix.pch";
				INFOPLIST_FILE = "RecordWord/RecordWord-Info.plist";
				PRODUCT_NAME = "$(TARGET_NAME)";
				WRAPPER_EXTENSION = app;
			};
			name = Release;
		};
/* End XCBuildConfiguration section */

/* Begin XCConfigurationList section */
		A58893FE16523F0000DD10D2 /* Build configuration list for PBXProject "RecordWord" */ = {
			isa = XCConfigurationList;
			buildConfigurations = (
				A588942516523F0100DD10D2 /* Debug */,
				A588942616523F0100DD10D2 /* Release */,
			);
			defaultConfigurationIsVisible = 0;
			defaultConfigurationName = Release;
		};
		A588942716523F0100DD10D2 /* Build configuration list for PBXNativeTarget "RecordWord" */ = {
			isa = XCConfigurationList;
			buildConfigurations = (
				A588942816523F0100DD10D2 /* Debug */,
				A588942916523F0100DD10D2 /* Release */,
			);
			defaultConfigurationIsVisible = 0;
			defaultConfigurationName = Release;
		};
/* End XCConfigurationList section */

/* Begin XCVersionGroup section */
		A588942216523F0100DD10D2 /* RecordWord.xcdatamodeld */ = {
			isa = XCVersionGroup;
			children = (
				A588942316523F0100DD10D2 /* RecordWord.xcdatamodel */,
			);
			currentVersion = A588942316523F0100DD10D2 /* RecordWord.xcdatamodel */;
			path = RecordWord.xcdatamodeld;
			sourceTree = "<group>";
			versionGroupType = wrapper.xcdatamodel;
		};
/* End XCVersionGroup section */
	};
	rootObject = A58893FB16523F0000DD10D2 /* Project object */;
}
